
Microsoft Visual Studio Solution File, Format Version 12.00
# Visual Studio Version 17
VisualStudioVersion = 17.0.31919.166
MinimumVisualStudioVersion = 10.0.40219.1
Project("{6EC3EE1D-3C4E-46DD-8F32-0CC8E7565705}") = "FSharp.Units", "FSharp.Units\FSharp.Units.fsproj", "{7A85E9F8-D981-466E-983E-C77D12A317F9}"
EndProject
Project("{6EC3EE1D-3C4E-46DD-8F32-0CC8E7565705}") = "FSharp.Units.Tests", "FSharp.Units.Tests\FSharp.Units.Tests.fsproj", "{3C3E3FBC-92AD-4081-B7E4-2CA2691A29E3}"
EndProject
Global
	GlobalSection(SolutionConfigurationPlatforms) = preSolution
		Debug|Any CPU = Debug|Any CPU
		Release|Any CPU = Release|Any CPU
	EndGlobalSection
	GlobalSection(ProjectConfigurationPlatforms) = postSolution
		{7A85E9F8-D981-466E-983E-C77D12A317F9}.Debug|Any CPU.ActiveCfg = Debug|Any CPU
		{7A85E9F8-D981-466E-983E-C77D12A317F9}.Debug|Any CPU.Build.0 = Debug|Any CPU
		{7A85E9F8-D981-466E-983E-C77D12A317F9}.Release|Any CPU.ActiveCfg = Release|Any CPU
		{7A85E9F8-D981-466E-983E-C77D12A317F9}.Release|Any CPU.Build.0 = Release|Any CPU
		{3C3E3FBC-92AD-4081-B7E4-2CA2691A29E3}.Debug|Any CPU.ActiveCfg = Debug|Any CPU
		{3C3E3FBC-92AD-4081-B7E4-2CA2691A29E3}.Debug|Any CPU.Build.0 = Debug|Any CPU
		{3C3E3FBC-92AD-4081-B7E4-2CA2691A29E3}.Release|Any CPU.ActiveCfg = Release|Any CPU
		{3C3E3FBC-92AD-4081-B7E4-2CA2691A29E3}.Release|Any CPU.Build.0 = Release|Any CPU
	EndGlobalSection
	GlobalSection(SolutionProperties) = preSolution
		HideSolutionNode = FALSE
	EndGlobalSection
	GlobalSection(ExtensibilityGlobals) = postSolution
		SolutionGuid = {9ED51FD9-C0C8-41D8-9112-7B77D5F44378}
	EndGlobalSection
EndGlobal
